
Microsoft Visual Studio Solution File, Format Version 12.00
# Visual Studio 15
VisualStudioVersion = 15.0.26430.15
MinimumVisualStudioVersion = 10.0.40219.1
Project("{8BC9CEB8-8B4A-11D0-8D11-00A0C91BC942}") = "FadingLED", "FadingLED\FadingLED.vcxproj", "{AD74036E-A08C-4F80-9ACB-B6DCC73F2A22}"
EndProject
Project("{8BC9CEB8-8B4A-11D0-8D11-00A0C91BC942}") = "SDCardInitTest", "SDCardInitTest\SDCardInitTest.vcxproj", "{8B43C058-87E9-4116-B239-D274CDC6FB4B}"
EndProject
Project("{8BC9CEB8-8B4A-11D0-8D11-00A0C91BC942}") = "SDCardReadWriteTest", "SDCardReadWriteTest\SDCardReadWriteTest.vcxproj", "{F2C81609-B3C9-46BE-A3DD-264E03E84971}"
EndProject
Project("{8BC9CEB8-8B4A-11D0-8D11-00A0C91BC942}") = "RESTClientTest", "RESTClientTest\RESTClientTest.vcxproj", "{D6A2A7EA-8DBA-4096-A94A-DC24ED7E97DD}"
EndProject
Project("{8BC9CEB8-8B4A-11D0-8D11-00A0C91BC942}") = "PingTest", "PingTest\PingTest.vcxproj", "{65A943FB-307A-487D-A138-35B154D5C91F}"
EndProject
Project("{8BC9CEB8-8B4A-11D0-8D11-00A0C91BC942}") = "WebClientTest", "WebClientTest\WebClientTest.vcxproj", "{61F408EF-5AFC-4396-A6B6-44402758E4ED}"
EndProject
Global
	GlobalSection(SolutionConfigurationPlatforms) = preSolution
		Debug|x86 = Debug|x86
		Release|x86 = Release|x86
	EndGlobalSection
	GlobalSection(ProjectConfigurationPlatforms) = postSolution
		{AD74036E-A08C-4F80-9ACB-B6DCC73F2A22}.Debug|x86.ActiveCfg = Debug|Win32
		{AD74036E-A08C-4F80-9ACB-B6DCC73F2A22}.Debug|x86.Build.0 = Debug|Win32
		{AD74036E-A08C-4F80-9ACB-B6DCC73F2A22}.Release|x86.ActiveCfg = Release|Win32
		{AD74036E-A08C-4F80-9ACB-B6DCC73F2A22}.Release|x86.Build.0 = Release|Win32
		{8B43C058-87E9-4116-B239-D274CDC6FB4B}.Debug|x86.ActiveCfg = Debug|Win32
		{8B43C058-87E9-4116-B239-D274CDC6FB4B}.Debug|x86.Build.0 = Debug|Win32
		{8B43C058-87E9-4116-B239-D274CDC6FB4B}.Release|x86.ActiveCfg = Release|Win32
		{8B43C058-87E9-4116-B239-D274CDC6FB4B}.Release|x86.Build.0 = Release|Win32
		{F2C81609-B3C9-46BE-A3DD-264E03E84971}.Debug|x86.ActiveCfg = Debug|Win32
		{F2C81609-B3C9-46BE-A3DD-264E03E84971}.Debug|x86.Build.0 = Debug|Win32
		{F2C81609-B3C9-46BE-A3DD-264E03E84971}.Release|x86.ActiveCfg = Release|Win32
		{F2C81609-B3C9-46BE-A3DD-264E03E84971}.Release|x86.Build.0 = Release|Win32
		{D6A2A7EA-8DBA-4096-A94A-DC24ED7E97DD}.Debug|x86.ActiveCfg = Debug|Win32
		{D6A2A7EA-8DBA-4096-A94A-DC24ED7E97DD}.Debug|x86.Build.0 = Debug|Win32
		{D6A2A7EA-8DBA-4096-A94A-DC24ED7E97DD}.Release|x86.ActiveCfg = Release|Win32
		{D6A2A7EA-8DBA-4096-A94A-DC24ED7E97DD}.Release|x86.Build.0 = Release|Win32
		{65A943FB-307A-487D-A138-35B154D5C91F}.Debug|x86.ActiveCfg = Debug|Win32
		{65A943FB-307A-487D-A138-35B154D5C91F}.Debug|x86.Build.0 = Debug|Win32
		{65A943FB-307A-487D-A138-35B154D5C91F}.Release|x86.ActiveCfg = Release|Win32
		{65A943FB-307A-487D-A138-35B154D5C91F}.Release|x86.Build.0 = Release|Win32
		{61F408EF-5AFC-4396-A6B6-44402758E4ED}.Debug|x86.ActiveCfg = Debug|Win32
		{61F408EF-5AFC-4396-A6B6-44402758E4ED}.Debug|x86.Build.0 = Debug|Win32
		{61F408EF-5AFC-4396-A6B6-44402758E4ED}.Release|x86.ActiveCfg = Release|Win32
		{61F408EF-5AFC-4396-A6B6-44402758E4ED}.Release|x86.Build.0 = Release|Win32
	EndGlobalSection
	GlobalSection(SolutionProperties) = preSolution
		HideSolutionNode = FALSE
	EndGlobalSection
EndGlobal
